version: 1.0
shards:
  db:
    github: crystal-lang/crystal-db
    commit: d7fdf1eada852ea084b7b9786e149094ec5270e0

  kemal:
    github: sdogruyol/kemal
    commit: cf2144636d9d5cef9d8b3f7b3404b003cedb3760

  kilt:
    github: jeromegn/kilt
    version: 0.3.3

  multipart:
    github: RX14/multipart.cr
    version: 0.1.0

  radix:
    github: luislavena/radix
    version: 0.3.1

  spec-kemal:
    github: sdogruyol/spec-kemal
    commit: fee1b2b7c006b685d61c8fcea63d130aa8ef1af6

  sqlite3:
    github: crystal-lang/crystal-sqlite3
    version: 0.6.0

